
Microsoft Visual Studio Solution File, Format Version 12.00
# Visual Studio Version 17
VisualStudioVersion = 17.0.31903.59
MinimumVisualStudioVersion = 10.0.40219.1
Project("{FAE04EC0-301F-11D3-BF4B-00C04F79EFBC}") = "PatientTracking.API", "PatientTracking.API\PatientTracking.API.csproj", "{66526DE1-70D7-4318-BE63-1EE581CF9768}"
EndProject
Project("{FAE04EC0-301F-11D3-BF4B-00C04F79EFBC}") = "PatientTracking.Core", "PatientTracking.Core\PatientTracking.Core.csproj", "{BFB24409-D3C7-44D0-9507-983916ACC611}"
EndProject
Project("{FAE04EC0-301F-11D3-BF4B-00C04F79EFBC}") = "PatientTracking.Tests", "PatientTracking.Tests\PatientTracking.Tests.csproj", "{BD490FB9-A1F5-4E7A-8690-B5051113F888}"
EndProject
Global
	GlobalSection(SolutionConfigurationPlatforms) = preSolution
		Debug|Any CPU = Debug|Any CPU
		Release|Any CPU = Release|Any CPU
	EndGlobalSection
	GlobalSection(SolutionProperties) = preSolution
		HideSolutionNode = FALSE
	EndGlobalSection
	GlobalSection(ProjectConfigurationPlatforms) = postSolution
		{66526DE1-70D7-4318-BE63-1EE581CF9768}.Debug|Any CPU.ActiveCfg = Debug|Any CPU
		{66526DE1-70D7-4318-BE63-1EE581CF9768}.Debug|Any CPU.Build.0 = Debug|Any CPU
		{66526DE1-70D7-4318-BE63-1EE581CF9768}.Release|Any CPU.ActiveCfg = Release|Any CPU
		{66526DE1-70D7-4318-BE63-1EE581CF9768}.Release|Any CPU.Build.0 = Release|Any CPU
		{BFB24409-D3C7-44D0-9507-983916ACC611}.Debug|Any CPU.ActiveCfg = Debug|Any CPU
		{BFB24409-D3C7-44D0-9507-983916ACC611}.Debug|Any CPU.Build.0 = Debug|Any CPU
		{BFB24409-D3C7-44D0-9507-983916ACC611}.Release|Any CPU.ActiveCfg = Release|Any CPU
		{BFB24409-D3C7-44D0-9507-983916ACC611}.Release|Any CPU.Build.0 = Release|Any CPU
		{BD490FB9-A1F5-4E7A-8690-B5051113F888}.Debug|Any CPU.ActiveCfg = Debug|Any CPU
		{BD490FB9-A1F5-4E7A-8690-B5051113F888}.Debug|Any CPU.Build.0 = Debug|Any CPU
		{BD490FB9-A1F5-4E7A-8690-B5051113F888}.Release|Any CPU.ActiveCfg = Release|Any CPU
		{BD490FB9-A1F5-4E7A-8690-B5051113F888}.Release|Any CPU.Build.0 = Release|Any CPU
	EndGlobalSection
EndGlobal
